// !$*UTF8*$!
{
	archiveVersion = 1;
	classes = {
	};
	objectVersion = 46;
	objects = {

/* Begin PBXBuildFile section */
		43234F641ED591F400DD2AC9 /* AppDelegate.swift in Sources */ = {isa = PBXBuildFile; fileRef = 43234F631ED591F400DD2AC9 /* AppDelegate.swift */; };
		43234F661ED591F400DD2AC9 /* ViewController.swift in Sources */ = {isa = PBXBuildFile; fileRef = 43234F651ED591F400DD2AC9 /* ViewController.swift */; };
		43234F691ED591F400DD2AC9 /* Main.storyboard in Resources */ = {isa = PBXBuildFile; fileRef = 43234F671ED591F400DD2AC9 /* Main.storyboard */; };
		43234F6B1ED591F400DD2AC9 /* Assets.xcassets in Resources */ = {isa = PBXBuildFile; fileRef = 43234F6A1ED591F400DD2AC9 /* Assets.xcassets */; };
		43234F6E1ED591F400DD2AC9 /* LaunchScreen.storyboard in Resources */ = {isa = PBXBuildFile; fileRef = 43234F6C1ED591F400DD2AC9 /* LaunchScreen.storyboard */; };
		43234F791ED591F500DD2AC9 /* DestroyTheWorldTests.swift in Sources */ = {isa = PBXBuildFile; fileRef = 43234F781ED591F500DD2AC9 /* DestroyTheWorldTests.swift */; };
		43234F841ED591F500DD2AC9 /* DestroyTheWorldUITests.swift in Sources */ = {isa = PBXBuildFile; fileRef = 43234F831ED591F500DD2AC9 /* DestroyTheWorldUITests.swift */; };
/* End PBXBuildFile section */

/* Begin PBXContainerItemProxy section */
		43234F751ED591F500DD2AC9 /* PBXContainerItemProxy */ = {
			isa = PBXContainerItemProxy;
			containerPortal = 43234F581ED591F400DD2AC9 /* Project object */;
			proxyType = 1;
			remoteGlobalIDString = 43234F5F1ED591F400DD2AC9;
			remoteInfo = DestroyTheWorld;
		};
		43234F801ED591F500DD2AC9 /* PBXContainerItemProxy */ = {
			isa = PBXContainerItemProxy;
			containerPortal = 43234F581ED591F400DD2AC9 /* Project object */;
			proxyType = 1;
			remoteGlobalIDString = 43234F5F1ED591F400DD2AC9;
			remoteInfo = DestroyTheWorld;
		};
/* End PBXContainerItemProxy section */

/* Begin PBXFileReference section */
		43234F601ED591F400DD2AC9 /* DestroyTheWorld.app */ = {isa = PBXFileReference; explicitFileType = wrapper.application; includeInIndex = 0; path = DestroyTheWorld.app; sourceTree = BUILT_PRODUCTS_DIR; };
		43234F631ED591F400DD2AC9 /* AppDelegate.swift */ = {isa = PBXFileReference; lastKnownFileType = sourcecode.swift; path = AppDelegate.swift; sourceTree = "<group>"; };
		43234F651ED591F400DD2AC9 /* ViewController.swift */ = {isa = PBXFileReference; lastKnownFileType = sourcecode.swift; path = ViewController.swift; sourceTree = "<group>"; };
		43234F681ED591F400DD2AC9 /* Base */ = {isa = PBXFileReference; lastKnownFileType = file.storyboard; name = Base; path = Base.lproj/Main.storyboard; sourceTree = "<group>"; };
		43234F6A1ED591F400DD2AC9 /* Assets.xcassets */ = {isa = PBXFileReference; lastKnownFileType = folder.assetcatalog; path = Assets.xcassets; sourceTree = "<group>"; };
		43234F6D1ED591F400DD2AC9 /* Base */ = {isa = PBXFileReference; lastKnownFileType = file.storyboard; name = Base; path = Base.lproj/LaunchScreen.storyboard; sourceTree = "<group>"; };
		43234F6F1ED591F400DD2AC9 /* Info.plist */ = {isa = PBXFileReference; lastKnownFileType = text.plist.xml; path = Info.plist; sourceTree = "<group>"; };
		43234F741ED591F500DD2AC9 /* DestroyTheWorldTests.xctest */ = {isa = PBXFileReference; explicitFileType = wrapper.cfbundle; includeInIndex = 0; path = DestroyTheWorldTests.xctest; sourceTree = BUILT_PRODUCTS_DIR; };
		43234F781ED591F500DD2AC9 /* DestroyTheWorldTests.swift */ = {isa = PBXFileReference; lastKnownFileType = sourcecode.swift; path = DestroyTheWorldTests.swift; sourceTree = "<group>"; };
		43234F7A1ED591F500DD2AC9 /* Info.plist */ = {isa = PBXFileReference; lastKnownFileType = text.plist.xml; path = Info.plist; sourceTree = "<group>"; };
		43234F7F1ED591F500DD2AC9 /* DestroyTheWorldUITests.xctest */ = {isa = PBXFileReference; explicitFileType = wrapper.cfbundle; includeInIndex = 0; path = DestroyTheWorldUITests.xctest; sourceTree = BUILT_PRODUCTS_DIR; };
		43234F831ED591F500DD2AC9 /* DestroyTheWorldUITests.swift */ = {isa = PBXFileReference; lastKnownFileType = sourcecode.swift; path = DestroyTheWorldUITests.swift; sourceTree = "<group>"; };
		43234F851ED591F500DD2AC9 /* Info.plist */ = {isa = PBXFileReference; lastKnownFileType = text.plist.xml; path = Info.plist; sourceTree = "<group>"; };
/* End PBXFileReference section */

/* Begin PBXFrameworksBuildPhase section */
		43234F5D1ED591F400DD2AC9 /* Frameworks */ = {
			isa = PBXFrameworksBuildPhase;
			buildActionMask = 2147483647;
			files = (
			);
			runOnlyForDeploymentPostprocessing = 0;
		};
		43234F711ED591F500DD2AC9 /* Frameworks */ = {
			isa = PBXFrameworksBuildPhase;
			buildActionMask = 2147483647;
			files = (
			);
			runOnlyForDeploymentPostprocessing = 0;
		};
		43234F7C1ED591F500DD2AC9 /* Frameworks */ = {
			isa = PBXFrameworksBuildPhase;
			buildActionMask = 2147483647;
			files = (
			);
			runOnlyForDeploymentPostprocessing = 0;
		};
/* End PBXFrameworksBuildPhase section */

/* Begin PBXGroup section */
		43234F571ED591F400DD2AC9 = {
			isa = PBXGroup;
			children = (
				43234F621ED591F400DD2AC9 /* DestroyTheWorld */,
				43234F771ED591F500DD2AC9 /* DestroyTheWorldTests */,
				43234F821ED591F500DD2AC9 /* DestroyTheWorldUITests */,
				43234F611ED591F400DD2AC9 /* Products */,
			);
			sourceTree = "<group>";
		};
		43234F611ED591F400DD2AC9 /* Products */ = {
			isa = PBXGroup;
			children = (
				43234F601ED591F400DD2AC9 /* DestroyTheWorld.app */,
				43234F741ED591F500DD2AC9 /* DestroyTheWorldTests.xctest */,
				43234F7F1ED591F500DD2AC9 /* DestroyTheWorldUITests.xctest */,
			);
			name = Products;
			sourceTree = "<group>";
		};
		43234F621ED591F400DD2AC9 /* DestroyTheWorld */ = {
			isa = PBXGroup;
			children = (
				43234F631ED591F400DD2AC9 /* AppDelegate.swift */,
				43234F651ED591F400DD2AC9 /* ViewController.swift */,
				43234F671ED591F400DD2AC9 /* Main.storyboard */,
				43234F6A1ED591F400DD2AC9 /* Assets.xcassets */,
				43234F6C1ED591F400DD2AC9 /* LaunchScreen.storyboard */,
				43234F6F1ED591F400DD2AC9 /* Info.plist */,
			);
			path = DestroyTheWorld;
			sourceTree = "<group>";
		};
		43234F771ED591F500DD2AC9 /* DestroyTheWorldTests */ = {
			isa = PBXGroup;
			children = (
				43234F781ED591F500DD2AC9 /* DestroyTheWorldTests.swift */,
				43234F7A1ED591F500DD2AC9 /* Info.plist */,
			);
			path = DestroyTheWorldTests;
			sourceTree = "<group>";
		};
		43234F821ED591F500DD2AC9 /* DestroyTheWorldUITests */ = {
			isa = PBXGroup;
			children = (
				43234F831ED591F500DD2AC9 /* DestroyTheWorldUITests.swift */,
				43234F851ED591F500DD2AC9 /* Info.plist */,
			);
			path = DestroyTheWorldUITests;
			sourceTree = "<group>";
		};
/* End PBXGroup section */

/* Begin PBXNativeTarget section */
		43234F5F1ED591F400DD2AC9 /* DestroyTheWorld */ = {
			isa = PBXNativeTarget;
			buildConfigurationList = 43234F881ED591F500DD2AC9 /* Build configuration list for PBXNativeTarget "DestroyTheWorld" */;
			buildPhases = (
				43234F5C1ED591F400DD2AC9 /* Sources */,
				43234F5D1ED591F400DD2AC9 /* Frameworks */,
				43234F5E1ED591F400DD2AC9 /* Resources */,
			);
			buildRules = (
			);
			dependencies = (
			);
			name = DestroyTheWorld;
			productName = DestroyTheWorld;
			productReference = 43234F601ED591F400DD2AC9 /* DestroyTheWorld.app */;
			productType = "com.apple.product-type.application";
		};
		43234F731ED591F500DD2AC9 /* DestroyTheWorldTests */ = {
			isa = PBXNativeTarget;
			buildConfigurationList = 43234F8B1ED591F500DD2AC9 /* Build configuration list for PBXNativeTarget "DestroyTheWorldTests" */;
			buildPhases = (
				43234F701ED591F500DD2AC9 /* Sources */,
				43234F711ED591F500DD2AC9 /* Frameworks */,
				43234F721ED591F500DD2AC9 /* Resources */,
			);
			buildRules = (
			);
			dependencies = (
				43234F761ED591F500DD2AC9 /* PBXTargetDependency */,
			);
			name = DestroyTheWorldTests;
			productName = DestroyTheWorldTests;
			productReference = 43234F741ED591F500DD2AC9 /* DestroyTheWorldTests.xctest */;
			productType = "com.apple.product-type.bundle.unit-test";
		};
		43234F7E1ED591F500DD2AC9 /* DestroyTheWorldUITests */ = {
			isa = PBXNativeTarget;
			buildConfigurationList = 43234F8E1ED591F500DD2AC9 /* Build configuration list for PBXNativeTarget "DestroyTheWorldUITests" */;
			buildPhases = (
				43234F7B1ED591F500DD2AC9 /* Sources */,
				43234F7C1ED591F500DD2AC9 /* Frameworks */,
				43234F7D1ED591F500DD2AC9 /* Resources */,
			);
			buildRules = (
			);
			dependencies = (
				43234F811ED591F500DD2AC9 /* PBXTargetDependency */,
			);
			name = DestroyTheWorldUITests;
			productName = DestroyTheWorldUITests;
			productReference = 43234F7F1ED591F500DD2AC9 /* DestroyTheWorldUITests.xctest */;
			productType = "com.apple.product-type.bundle.ui-testing";
		};
/* End PBXNativeTarget section */

/* Begin PBXProject section */
		43234F581ED591F400DD2AC9 /* Project object */ = {
			isa = PBXProject;
			attributes = {
				LastSwiftUpdateCheck = 0830;
				LastUpgradeCheck = 0830;
				ORGANIZATIONNAME = "Mark Wong";
				TargetAttributes = {
					43234F5F1ED591F400DD2AC9 = {
						CreatedOnToolsVersion = 8.3.2;
						ProvisioningStyle = Automatic;
					};
					43234F731ED591F500DD2AC9 = {
						CreatedOnToolsVersion = 8.3.2;
						ProvisioningStyle = Automatic;
						TestTargetID = 43234F5F1ED591F400DD2AC9;
					};
					43234F7E1ED591F500DD2AC9 = {
						CreatedOnToolsVersion = 8.3.2;
						ProvisioningStyle = Automatic;
						TestTargetID = 43234F5F1ED591F400DD2AC9;
					};
				};
			};
			buildConfigurationList = 43234F5B1ED591F400DD2AC9 /* Build configuration list for PBXProject "DestroyTheWorld" */;
			compatibilityVersion = "Xcode 3.2";
			developmentRegion = English;
			hasScannedForEncodings = 0;
			knownRegions = (
				en,
				Base,
			);
			mainGroup = 43234F571ED591F400DD2AC9;
			productRefGroup = 43234F611ED591F400DD2AC9 /* Products */;
			projectDirPath = "";
			projectRoot = "";
			targets = (
				43234F5F1ED591F400DD2AC9 /* DestroyTheWorld */,
				43234F731ED591F500DD2AC9 /* DestroyTheWorldTests */,
				43234F7E1ED591F500DD2AC9 /* DestroyTheWorldUITests */,
			);
		};
/* End PBXProject section */

/* Begin PBXResourcesBuildPhase section */
		43234F5E1ED591F400DD2AC9 /* Resources */ = {
			isa = PBXResourcesBuildPhase;
			buildActionMask = 2147483647;
			files = (
				43234F6E1ED591F400DD2AC9 /* LaunchScreen.storyboard in Resources */,
				43234F6B1ED591F400DD2AC9 /* Assets.xcassets in Resources */,
				43234F691ED591F400DD2AC9 /* Main.storyboard in Resources */,
			);
			runOnlyForDeploymentPostprocessing = 0;
		};
		43234F721ED591F500DD2AC9 /* Resources */ = {
			isa = PBXResourcesBuildPhase;
			buildActionMask = 2147483647;
			files = (
			);
			runOnlyForDeploymentPostprocessing = 0;
		};
		43234F7D1ED591F500DD2AC9 /* Resources */ = {
			isa = PBXResourcesBuildPhase;
			buildActionMask = 2147483647;
			files = (
			);
			runOnlyForDeploymentPostprocessing = 0;
		};
/* End PBXResourcesBuildPhase section */

/* Begin PBXSourcesBuildPhase section */
		43234F5C1ED591F400DD2AC9 /* Sources */ = {
			isa = PBXSourcesBuildPhase;
			buildActionMask = 2147483647;
			files = (
				43234F661ED591F400DD2AC9 /* ViewController.swift in Sources */,
				43234F641ED591F400DD2AC9 /* AppDelegate.swift in Sources */,
			);
			runOnlyForDeploymentPostprocessing = 0;
		};
		43234F701ED591F500DD2AC9 /* Sources */ = {
			isa = PBXSourcesBuildPhase;
			buildActionMask = 2147483647;
			files = (
				43234F791ED591F500DD2AC9 /* DestroyTheWorldTests.swift in Sources */,
			);
			runOnlyForDeploymentPostprocessing = 0;
		};
		43234F7B1ED591F500DD2AC9 /* Sources */ = {
			isa = PBXSourcesBuildPhase;
			buildActionMask = 2147483647;
			files = (
				43234F841ED591F500DD2AC9 /* DestroyTheWorldUITests.swift in Sources */,
			);
			runOnlyForDeploymentPostprocessing = 0;
		};
/* End PBXSourcesBuildPhase section */

/* Begin PBXTargetDependency section */
		43234F761ED591F500DD2AC9 /* PBXTargetDependency */ = {
			isa = PBXTargetDependency;
			target = 43234F5F1ED591F400DD2AC9 /* DestroyTheWorld */;
			targetProxy = 43234F751ED591F500DD2AC9 /* PBXContainerItemProxy */;
		};
		43234F811ED591F500DD2AC9 /* PBXTargetDependency */ = {
			isa = PBXTargetDependency;
			target = 43234F5F1ED591F400DD2AC9 /* DestroyTheWorld */;
			targetProxy = 43234F801ED591F500DD2AC9 /* PBXContainerItemProxy */;
		};
/* End PBXTargetDependency section */

/* Begin PBXVariantGroup section */
		43234F671ED591F400DD2AC9 /* Main.storyboard */ = {
			isa = PBXVariantGroup;
			children = (
				43234F681ED591F400DD2AC9 /* Base */,
			);
			name = Main.storyboard;
			sourceTree = "<group>";
		};
		43234F6C1ED591F400DD2AC9 /* LaunchScreen.storyboard */ = {
			isa = PBXVariantGroup;
			children = (
				43234F6D1ED591F400DD2AC9 /* Base */,
			);
			name = LaunchScreen.storyboard;
			sourceTree = "<group>";
		};
/* End PBXVariantGroup section */

/* Begin XCBuildConfiguration section */
		43234F861ED591F500DD2AC9 /* Debug */ = {
			isa = XCBuildConfiguration;
			buildSettings = {
				ALWAYS_SEARCH_USER_PATHS = NO;
				CLANG_ANALYZER_NONNULL = YES;
				CLANG_ANALYZER_NUMBER_OBJECT_CONVERSION = YES_AGGRESSIVE;
				CLANG_CXX_LANGUAGE_STANDARD = "gnu++0x";
				CLANG_CXX_LIBRARY = "libc++";
				CLANG_ENABLE_MODULES = YES;
				CLANG_ENABLE_OBJC_ARC = YES;
				CLANG_WARN_BOOL_CONVERSION = YES;
				CLANG_WARN_CONSTANT_CONVERSION = YES;
				CLANG_WARN_DIRECT_OBJC_ISA_USAGE = YES_ERROR;
				CLANG_WARN_DOCUMENTATION_COMMENTS = YES;
				CLANG_WARN_EMPTY_BODY = YES;
				CLANG_WARN_ENUM_CONVERSION = YES;
				CLANG_WARN_INFINITE_RECURSION = YES;
				CLANG_WARN_INT_CONVERSION = YES;
				CLANG_WARN_OBJC_ROOT_CLASS = YES_ERROR;
				CLANG_WARN_SUSPICIOUS_MOVE = YES;
				CLANG_WARN_UNREACHABLE_CODE = YES;
				CLANG_WARN__DUPLICATE_METHOD_MATCH = YES;
				"CODE_SIGN_IDENTITY[sdk=iphoneos*]" = "iPhone Developer";
				COPY_PHASE_STRIP = NO;
				DEBUG_INFORMATION_FORMAT = dwarf;
				ENABLE_STRICT_OBJC_MSGSEND = YES;
				ENABLE_TESTABILITY = YES;
				GCC_C_LANGUAGE_STANDARD = gnu99;
				GCC_DYNAMIC_NO_PIC = NO;
				GCC_NO_COMMON_BLOCKS = YES;
				GCC_OPTIMIZATION_LEVEL = 0;
				GCC_PREPROCESSOR_DEFINITIONS = (
					"DEBUG=1",
					"$(inherited)",
				);
				GCC_WARN_64_TO_32_BIT_CONVERSION = YES;
				GCC_WARN_ABOUT_RETURN_TYPE = YES_ERROR;
				GCC_WARN_UNDECLARED_SELECTOR = YES;
				GCC_WARN_UNINITIALIZED_AUTOS = YES_AGGRESSIVE;
				GCC_WARN_UNUSED_FUNCTION = YES;
				GCC_WARN_UNUSED_VARIABLE = YES;
				IPHONEOS_DEPLOYMENT_TARGET = 10.3;
				MTL_ENABLE_DEBUG_INFO = YES;
				ONLY_ACTIVE_ARCH = YES;
				SDKROOT = iphoneos;
				SWIFT_ACTIVE_COMPILATION_CONDITIONS = DEBUG;
				SWIFT_OPTIMIZATION_LEVEL = "-Onone";
			};
			name = Debug;
		};
		43234F871ED591F500DD2AC9 /* Release */ = {
			isa = XCBuildConfiguration;
			buildSettings = {
				ALWAYS_SEARCH_USER_PATHS = NO;
				CLANG_ANALYZER_NONNULL = YES;
				CLANG_ANALYZER_NUMBER_OBJECT_CONVERSION = YES_AGGRESSIVE;
				CLANG_CXX_LANGUAGE_STANDARD = "gnu++0x";
				CLANG_CXX_LIBRARY = "libc++";
				CLANG_ENABLE_MODULES = YES;
				CLANG_ENABLE_OBJC_ARC = YES;
				CLANG_WARN_BOOL_CONVERSION = YES;
				CLANG_WARN_CONSTANT_CONVERSION = YES;
				CLANG_WARN_DIRECT_OBJC_ISA_USAGE = YES_ERROR;
				CLANG_WARN_DOCUMENTATION_COMMENTS = YES;
				CLANG_WARN_EMPTY_BODY = YES;
				CLANG_WARN_ENUM_CONVERSION = YES;
				CLANG_WARN_INFINITE_RECURSION = YES;
				CLANG_WARN_INT_CONVERSION = YES;
				CLANG_WARN_OBJC_ROOT_CLASS = YES_ERROR;
				CLANG_WARN_SUSPICIOUS_MOVE = YES;
				CLANG_WARN_UNREACHABLE_CODE = YES;
				CLANG_WARN__DUPLICATE_METHOD_MATCH = YES;
				"CODE_SIGN_IDENTITY[sdk=iphoneos*]" = "iPhone Developer";
				COPY_PHASE_STRIP = NO;
				DEBUG_INFORMATION_FORMAT = "dwarf-with-dsym";
				ENABLE_NS_ASSERTIONS = NO;
				ENABLE_STRICT_OBJC_MSGSEND = YES;
				GCC_C_LANGUAGE_STANDARD = gnu99;
				GCC_NO_COMMON_BLOCKS = YES;
				GCC_WARN_64_TO_32_BIT_CONVERSION = YES;
				GCC_WARN_ABOUT_RETURN_TYPE = YES_ERROR;
				GCC_WARN_UNDECLARED_SELECTOR = YES;
				GCC_WARN_UNINITIALIZED_AUTOS = YES_AGGRESSIVE;
				GCC_WARN_UNUSED_FUNCTION = YES;
				GCC_WARN_UNUSED_VARIABLE = YES;
				IPHONEOS_DEPLOYMENT_TARGET = 10.3;
				MTL_ENABLE_DEBUG_INFO = NO;
				SDKROOT = iphoneos;
				SWIFT_OPTIMIZATION_LEVEL = "-Owholemodule";
				VALIDATE_PRODUCT = YES;
			};
			name = Release;
		};
		43234F891ED591F500DD2AC9 /* Debug */ = {
			isa = XCBuildConfiguration;
			buildSettings = {
				ASSETCATALOG_COMPILER_APPICON_NAME = AppIcon;
				INFOPLIST_FILE = DestroyTheWorld/Info.plist;
				LD_RUNPATH_SEARCH_PATHS = "$(inherited) @executable_path/Frameworks";
				PRODUCT_BUNDLE_IDENTIFIER = "Mark-Wong.DestroyTheWorld";
				PRODUCT_NAME = "$(TARGET_NAME)";
				SWIFT_VERSION = 3.0;
			};
			name = Debug;
		};
		43234F8A1ED591F500DD2AC9 /* Release */ = {
			isa = XCBuildConfiguration;
			buildSettings = {
				ASSETCATALOG_COMPILER_APPICON_NAME = AppIcon;
				INFOPLIST_FILE = DestroyTheWorld/Info.plist;
				LD_RUNPATH_SEARCH_PATHS = "$(inherited) @executable_path/Frameworks";
				PRODUCT_BUNDLE_IDENTIFIER = "Mark-Wong.DestroyTheWorld";
				PRODUCT_NAME = "$(TARGET_NAME)";
				SWIFT_VERSION = 3.0;
			};
			name = Release;
		};
		43234F8C1ED591F500DD2AC9 /* Debug */ = {
			isa = XCBuildConfiguration;
			buildSettings = {
				ALWAYS_EMBED_SWIFT_STANDARD_LIBRARIES = YES;
				BUNDLE_LOADER = "$(TEST_HOST)";
				INFOPLIST_FILE = DestroyTheWorldTests/Info.plist;
				LD_RUNPATH_SEARCH_PATHS = "$(inherited) @executable_path/Frameworks @loader_path/Frameworks";
				PRODUCT_BUNDLE_IDENTIFIER = "Mark-Wong.DestroyTheWorldTests";
				PRODUCT_NAME = "$(TARGET_NAME)";
				SWIFT_VERSION = 3.0;
				TEST_HOST = "$(BUILT_PRODUCTS_DIR)/DestroyTheWorld.app/DestroyTheWorld";
			};
			name = Debug;
		};
		43234F8D1ED591F500DD2AC9 /* Release */ = {
			isa = XCBuildConfiguration;
			buildSettings = {
				ALWAYS_EMBED_SWIFT_STANDARD_LIBRARIES = YES;
				BUNDLE_LOADER = "$(TEST_HOST)";
				INFOPLIST_FILE = DestroyTheWorldTests/Info.plist;
				LD_RUNPATH_SEARCH_PATHS = "$(inherited) @executable_path/Frameworks @loader_path/Frameworks";
				PRODUCT_BUNDLE_IDENTIFIER = "Mark-Wong.DestroyTheWorldTests";
				PRODUCT_NAME = "$(TARGET_NAME)";
				SWIFT_VERSION = 3.0;
				TEST_HOST = "$(BUILT_PRODUCTS_DIR)/DestroyTheWorld.app/DestroyTheWorld";
			};
			name = Release;
		};
		43234F8F1ED591F500DD2AC9 /* Debug */ = {
			isa = XCBuildConfiguration;
			buildSettings = {
				ALWAYS_EMBED_SWIFT_STANDARD_LIBRARIES = YES;
				INFOPLIST_FILE = DestroyTheWorldUITests/Info.plist;
				LD_RUNPATH_SEARCH_PATHS = "$(inherited) @executable_path/Frameworks @loader_path/Frameworks";
				PRODUCT_BUNDLE_IDENTIFIER = "Mark-Wong.DestroyTheWorldUITests";
				PRODUCT_NAME = "$(TARGET_NAME)";
				SWIFT_VERSION = 3.0;
				TEST_TARGET_NAME = DestroyTheWorld;
			};
			name = Debug;
		};
		43234F901ED591F500DD2AC9 /* Release */ = {
			isa = XCBuildConfiguration;
			buildSettings = {
				ALWAYS_EMBED_SWIFT_STANDARD_LIBRARIES = YES;
				INFOPLIST_FILE = DestroyTheWorldUITests/Info.plist;
				LD_RUNPATH_SEARCH_PATHS = "$(inherited) @executable_path/Frameworks @loader_path/Frameworks";
				PRODUCT_BUNDLE_IDENTIFIER = "Mark-Wong.DestroyTheWorldUITests";
				PRODUCT_NAME = "$(TARGET_NAME)";
				SWIFT_VERSION = 3.0;
				TEST_TARGET_NAME = DestroyTheWorld;
			};
			name = Release;
		};
/* End XCBuildConfiguration section */

/* Begin XCConfigurationList section */
		43234F5B1ED591F400DD2AC9 /* Build configuration list for PBXProject "DestroyTheWorld" */ = {
			isa = XCConfigurationList;
			buildConfigurations = (
				43234F861ED591F500DD2AC9 /* Debug */,
				43234F871ED591F500DD2AC9 /* Release */,
			);
			defaultConfigurationIsVisible = 0;
			defaultConfigurationName = Release;
		};
		43234F881ED591F500DD2AC9 /* Build configuration list for PBXNativeTarget "DestroyTheWorld" */ = {
			isa = XCConfigurationList;
			buildConfigurations = (
				43234F891ED591F500DD2AC9 /* Debug */,
				43234F8A1ED591F500DD2AC9 /* Release */,
			);
			defaultConfigurationIsVisible = 0;
		};
		43234F8B1ED591F500DD2AC9 /* Build configuration list for PBXNativeTarget "DestroyTheWorldTests" */ = {
			isa = XCConfigurationList;
			buildConfigurations = (
				43234F8C1ED591F500DD2AC9 /* Debug */,
				43234F8D1ED591F500DD2AC9 /* Release */,
			);
			defaultConfigurationIsVisible = 0;
		};
		43234F8E1ED591F500DD2AC9 /* Build configuration list for PBXNativeTarget "DestroyTheWorldUITests" */ = {
			isa = XCConfigurationList;
			buildConfigurations = (
				43234F8F1ED591F500DD2AC9 /* Debug */,
				43234F901ED591F500DD2AC9 /* Release */,
			);
			defaultConfigurationIsVisible = 0;
		};
/* End XCConfigurationList section */
	};
	rootObject = 43234F581ED591F400DD2AC9 /* Project object */;
}
